
Microsoft Visual Studio Solution File, Format Version 12.00
# Visual Studio Version 16
VisualStudioVersion = 16.0.30309.148
MinimumVisualStudioVersion = 10.0.40219.1
Project("{FAE04EC0-301F-11D3-BF4B-00C04F79EFBC}") = "LoggingTest1", "LoggingTest1\LoggingTest1.csproj", "{603EB55D-A504-47A7-B35B-2DEC0F89302A}"
EndProject
Global
	GlobalSection(SolutionConfigurationPlatforms) = preSolution
		Debug|Any CPU = Debug|Any CPU
		Release|Any CPU = Release|Any CPU
	EndGlobalSection
	GlobalSection(ProjectConfigurationPlatforms) = postSolution
		{603EB55D-A504-47A7-B35B-2DEC0F89302A}.Debug|Any CPU.ActiveCfg = Debug|Any CPU
		{603EB55D-A504-47A7-B35B-2DEC0F89302A}.Debug|Any CPU.Build.0 = Debug|Any CPU
		{603EB55D-A504-47A7-B35B-2DEC0F89302A}.Release|Any CPU.ActiveCfg = Release|Any CPU
		{603EB55D-A504-47A7-B35B-2DEC0F89302A}.Release|Any CPU.Build.0 = Release|Any CPU
	EndGlobalSection
	GlobalSection(SolutionProperties) = preSolution
		HideSolutionNode = FALSE
	EndGlobalSection
	GlobalSection(ExtensibilityGlobals) = postSolution
		SolutionGuid = {4BBCAC6B-5BBB-4FD9-9311-D48C5067FE82}
	EndGlobalSection
EndGlobal
